{
  "nodes": {
    "fenix": {
      "inputs": {
        "nixpkgs": [
          "nixpkgs"
        ],
        "rust-analyzer-src": "rust-analyzer-src"
      },
      "locked": {
        "lastModified": 1723185066,
        "narHash": "sha256-u7guFfIrfspwUp6/SEWCDhs2tVoE1fcgft0Fw7LdNEU=",
        "owner": "nix-community",
        "repo": "fenix",
        "rev": "d5f1b280af93acddbcce948d946bb5db2f8035fe",
        "type": "github"
      },
      "original": {
        "owner": "nix-community",
        "repo": "fenix",
        "type": "github"
      }
    },
    "nixpkgs": {
      "locked": {
        "lastModified": 1723050458,
        "narHash": "sha256-dl88NOyUEiEr+XmS+b2t9LIK04f66F2vLtbQu2q49Hs=",
        "owner": "nixos",
        "repo": "nixpkgs",
        "rev": "61448af9e290aec3be42741abaef6a52ae31f6a4",
        "type": "github"
      },
      "original": {
        "owner": "nixos",
        "ref": "nixpkgs-unstable",
        "repo": "nixpkgs",
        "type": "github"
      }
    },
    "root": {
      "inputs": {
        "fenix": "fenix",
        "nixpkgs": "nixpkgs",
        "treefmt-nix": "treefmt-nix"
      }
    },
    "rust-analyzer-src": {
      "flake": false,
      "locked": {
        "lastModified": 1723124382,
        "narHash": "sha256-WdJYEBlc8qsif+y4qnkjaeEpDmOZhz8qA6i/2n1q2kw=",
        "owner": "rust-lang",
        "repo": "rust-analyzer",
        "rev": "dab022fb3127466e47e29e40769b11174b3e0ac3",
        "type": "github"
      },
      "original": {
        "owner": "rust-lang",
        "ref": "nightly",
        "repo": "rust-analyzer",
        "type": "github"
      }
    },
    "treefmt-nix": {
      "inputs": {
        "nixpkgs": [
          "nixpkgs"
        ]
      },
      "locked": {
        "lastModified": 1722330636,
        "narHash": "sha256-uru7JzOa33YlSRwf9sfXpJG+UAV+bnBEYMjrzKrQZFw=",
        "owner": "numtide",
        "repo": "treefmt-nix",
        "rev": "768acdb06968e53aa1ee8de207fd955335c754b7",
        "type": "github"
      },
      "original": {
        "owner": "numtide",
        "repo": "treefmt-nix",
        "type": "github"
      }
    }
  },
  "root": "root",
  "version": 7
}
